
Microsoft Visual Studio Solution File, Format Version 12.00
# Visual Studio 15
VisualStudioVersion = 15.0.28307.2017
MinimumVisualStudioVersion = 10.0.40219.1
Project("{159641D6-6404-4A2A-AE62-294DE0FE8301}") = "ETL_Vendas", "ETL_Vendas\ETL_Vendas.dtproj", "{672A25F6-8429-41AB-BF1D-701157D06A44}"
EndProject
Global
	GlobalSection(SolutionConfigurationPlatforms) = preSolution
		Development|Default = Development|Default
	EndGlobalSection
	GlobalSection(ProjectConfigurationPlatforms) = postSolution
		{672A25F6-8429-41AB-BF1D-701157D06A44}.Development|Default.ActiveCfg = Development
		{672A25F6-8429-41AB-BF1D-701157D06A44}.Development|Default.Build.0 = Development
	EndGlobalSection
	GlobalSection(SolutionProperties) = preSolution
		HideSolutionNode = FALSE
	EndGlobalSection
	GlobalSection(ExtensibilityGlobals) = postSolution
		SolutionGuid = {E03A067B-538C-4C6A-B7A5-30C04FB07D23}
	EndGlobalSection
EndGlobal
